
Microsoft Visual Studio Solution File, Format Version 12.00
# Visual Studio 14
VisualStudioVersion = 14.0.25420.1
MinimumVisualStudioVersion = 10.0.40219.1
Project("{FAE04EC0-301F-11D3-BF4B-00C04F79EFBC}") = "Lessons_10_0509", "Lessons-10_0509_Methods\Lessons_10_0509.csproj", "{81D1D9C3-4DE5-471D-B637-C753E8CEA3EB}"
EndProject
Project("{FAE04EC0-301F-11D3-BF4B-00C04F79EFBC}") = "HW_10", "HW_10\HW_10.csproj", "{FD122F55-F266-4C57-9623-8BEC6A9FD860}"
EndProject
Global
	GlobalSection(SolutionConfigurationPlatforms) = preSolution
		Debug|Any CPU = Debug|Any CPU
		Release|Any CPU = Release|Any CPU
	EndGlobalSection
	GlobalSection(ProjectConfigurationPlatforms) = postSolution
		{81D1D9C3-4DE5-471D-B637-C753E8CEA3EB}.Debug|Any CPU.ActiveCfg = Debug|Any CPU
		{81D1D9C3-4DE5-471D-B637-C753E8CEA3EB}.Debug|Any CPU.Build.0 = Debug|Any CPU
		{81D1D9C3-4DE5-471D-B637-C753E8CEA3EB}.Release|Any CPU.ActiveCfg = Release|Any CPU
		{81D1D9C3-4DE5-471D-B637-C753E8CEA3EB}.Release|Any CPU.Build.0 = Release|Any CPU
		{FD122F55-F266-4C57-9623-8BEC6A9FD860}.Debug|Any CPU.ActiveCfg = Debug|Any CPU
		{FD122F55-F266-4C57-9623-8BEC6A9FD860}.Debug|Any CPU.Build.0 = Debug|Any CPU
		{FD122F55-F266-4C57-9623-8BEC6A9FD860}.Release|Any CPU.ActiveCfg = Release|Any CPU
		{FD122F55-F266-4C57-9623-8BEC6A9FD860}.Release|Any CPU.Build.0 = Release|Any CPU
	EndGlobalSection
	GlobalSection(SolutionProperties) = preSolution
		HideSolutionNode = FALSE
	EndGlobalSection
EndGlobal
